
Microsoft Visual Studio Solution File, Format Version 12.00
# Visual Studio Version 17
VisualStudioVersion = 17.9.34728.123
MinimumVisualStudioVersion = 10.0.40219.1
Project("{FAE04EC0-301F-11D3-BF4B-00C04F79EFBC}") = "DesignPatterns", "DesignPatterns.csproj", "{D2F8B2B3-8B71-4A9F-91B9-FDEFD1675D9F}"
EndProject
Global
	GlobalSection(SolutionConfigurationPlatforms) = preSolution
		Debug|Any CPU = Debug|Any CPU
		Release|Any CPU = Release|Any CPU
	EndGlobalSection
	GlobalSection(ProjectConfigurationPlatforms) = postSolution
		{D2F8B2B3-8B71-4A9F-91B9-FDEFD1675D9F}.Debug|Any CPU.ActiveCfg = Debug|Any CPU
		{D2F8B2B3-8B71-4A9F-91B9-FDEFD1675D9F}.Debug|Any CPU.Build.0 = Debug|Any CPU
		{D2F8B2B3-8B71-4A9F-91B9-FDEFD1675D9F}.Release|Any CPU.ActiveCfg = Release|Any CPU
		{D2F8B2B3-8B71-4A9F-91B9-FDEFD1675D9F}.Release|Any CPU.Build.0 = Release|Any CPU
	EndGlobalSection
	GlobalSection(SolutionProperties) = preSolution
		HideSolutionNode = FALSE
	EndGlobalSection
	GlobalSection(ExtensibilityGlobals) = postSolution
		SolutionGuid = {BB1C5649-1D3C-4453-BC80-02200A565821}
	EndGlobalSection
EndGlobal
